
Microsoft Visual Studio Solution File, Format Version 12.00
# Visual Studio Version 17
VisualStudioVersion = 17.3.32804.467
MinimumVisualStudioVersion = 10.0.40219.1
Project("{9A19103F-16F7-4668-BE54-9A1E7A4F7556}") = "UserRegistration", "UserRegistration\UserRegistration.csproj", "{50F89649-2857-4959-BB39-01DE85C64A53}"
EndProject
Project("{FAE04EC0-301F-11D3-BF4B-00C04F79EFBC}") = "MSTest_Registration", "MSTest_Registration\MSTest_Registration.csproj", "{A9507486-1050-44E2-B17E-BFF163223A60}"
EndProject
Global
	GlobalSection(SolutionConfigurationPlatforms) = preSolution
		Debug|Any CPU = Debug|Any CPU
		Release|Any CPU = Release|Any CPU
	EndGlobalSection
	GlobalSection(ProjectConfigurationPlatforms) = postSolution
		{50F89649-2857-4959-BB39-01DE85C64A53}.Debug|Any CPU.ActiveCfg = Debug|Any CPU
		{50F89649-2857-4959-BB39-01DE85C64A53}.Debug|Any CPU.Build.0 = Debug|Any CPU
		{50F89649-2857-4959-BB39-01DE85C64A53}.Release|Any CPU.ActiveCfg = Release|Any CPU
		{50F89649-2857-4959-BB39-01DE85C64A53}.Release|Any CPU.Build.0 = Release|Any CPU
		{A9507486-1050-44E2-B17E-BFF163223A60}.Debug|Any CPU.ActiveCfg = Debug|Any CPU
		{A9507486-1050-44E2-B17E-BFF163223A60}.Debug|Any CPU.Build.0 = Debug|Any CPU
		{A9507486-1050-44E2-B17E-BFF163223A60}.Release|Any CPU.ActiveCfg = Release|Any CPU
		{A9507486-1050-44E2-B17E-BFF163223A60}.Release|Any CPU.Build.0 = Release|Any CPU
	EndGlobalSection
	GlobalSection(SolutionProperties) = preSolution
		HideSolutionNode = FALSE
	EndGlobalSection
	GlobalSection(ExtensibilityGlobals) = postSolution
		SolutionGuid = {8E775B12-64BC-4AA3-AB02-FD15D064E049}
	EndGlobalSection
EndGlobal
